
Microsoft Visual Studio Solution File, Format Version 11.00
# Visual Studio 2010
Project("{FAE04EC0-301F-11D3-BF4B-00C04F79EFBC}") = "MAPD724-W2018-Lesson7A", "Assembly-CSharp.csproj", "{DF389B15-0C46-5950-7A08-38F0F2B5AFD1}"
EndProject
Global
	GlobalSection(SolutionConfigurationPlatforms) = preSolution
		Debug|Any CPU = Debug|Any CPU
		Release|Any CPU = Release|Any CPU
	EndGlobalSection
	GlobalSection(ProjectConfigurationPlatforms) = postSolution
		{DF389B15-0C46-5950-7A08-38F0F2B5AFD1}.Debug|Any CPU.ActiveCfg = Debug|Any CPU
		{DF389B15-0C46-5950-7A08-38F0F2B5AFD1}.Debug|Any CPU.Build.0 = Debug|Any CPU
		{DF389B15-0C46-5950-7A08-38F0F2B5AFD1}.Release|Any CPU.ActiveCfg = Release|Any CPU
		{DF389B15-0C46-5950-7A08-38F0F2B5AFD1}.Release|Any CPU.Build.0 = Release|Any CPU
	EndGlobalSection
	GlobalSection(SolutionProperties) = preSolution
		HideSolutionNode = FALSE
	EndGlobalSection
	GlobalSection(MonoDevelopProperties) = preSolution
		StartupItem = Assembly-CSharp.csproj
	EndGlobalSection
EndGlobal
